// !$*UTF8*$!
{
	archiveVersion = 1;
	classes = {
	};
	objectVersion = 55;
	objects = {

/* Begin PBXBuildFile section */
		7C171F74285AE774007CD969 /* ExploreData.plist in Resources */ = {isa = PBXBuildFile; fileRef = 7C171F73285AE774007CD969 /* ExploreData.plist */; };
		7C171F76285AF4BE007CD969 /* ExploreItem.swift in Sources */ = {isa = PBXBuildFile; fileRef = 7C171F75285AF4BE007CD969 /* ExploreItem.swift */; };
		7C171F78285B05F3007CD969 /* ExploreDataManager.swift in Sources */ = {isa = PBXBuildFile; fileRef = 7C171F77285B05F3007CD969 /* ExploreDataManager.swift */; };
		7C171F7B285B2299007CD969 /* ExploreCell.swift in Sources */ = {isa = PBXBuildFile; fileRef = 7C171F7A285B2299007CD969 /* ExploreCell.swift */; };
		7C17ADA42861E24F004D9315 /* LocationViewController.swift in Sources */ = {isa = PBXBuildFile; fileRef = 7C17ADA32861E24F004D9315 /* LocationViewController.swift */; };
		7C17ADA82861F7C8004D9315 /* LocationDataManager.swift in Sources */ = {isa = PBXBuildFile; fileRef = 7C17ADA72861F7C8004D9315 /* LocationDataManager.swift */; };
		7C41701F286206F200640D72 /* Locations.plist in Resources */ = {isa = PBXBuildFile; fileRef = 7C41701E286206F200640D72 /* Locations.plist */; };
		7C6FF6C028434671002ED2E5 /* RestaurantListViewController.swift in Sources */ = {isa = PBXBuildFile; fileRef = 7C6FF6BF28434671002ED2E5 /* RestaurantListViewController.swift */; };
		7CBE82182841250200FBE06C /* ExploreViewController.swift in Sources */ = {isa = PBXBuildFile; fileRef = 7CBE82172841250200FBE06C /* ExploreViewController.swift */; };
		7CCD4D052840DDAB00019AFD /* AppDelegate.swift in Sources */ = {isa = PBXBuildFile; fileRef = 7CCD4D042840DDAB00019AFD /* AppDelegate.swift */; };
		7CCD4D072840DDAB00019AFD /* SceneDelegate.swift in Sources */ = {isa = PBXBuildFile; fileRef = 7CCD4D062840DDAB00019AFD /* SceneDelegate.swift */; };
		7CCD4D092840DDAB00019AFD /* ViewController.swift in Sources */ = {isa = PBXBuildFile; fileRef = 7CCD4D082840DDAB00019AFD /* ViewController.swift */; };
		7CCD4D0C2840DDAB00019AFD /* Main.storyboard in Resources */ = {isa = PBXBuildFile; fileRef = 7CCD4D0A2840DDAB00019AFD /* Main.storyboard */; };
		7CCD4D112840DDAD00019AFD /* LaunchScreen.storyboard in Resources */ = {isa = PBXBuildFile; fileRef = 7CCD4D0F2840DDAD00019AFD /* LaunchScreen.storyboard */; };
		7CCD4D192840E2FD00019AFD /* Assets.xcassets in Resources */ = {isa = PBXBuildFile; fileRef = 7CCD4D182840E2FD00019AFD /* Assets.xcassets */; };
/* End PBXBuildFile section */

/* Begin PBXFileReference section */
		7C171F73285AE774007CD969 /* ExploreData.plist */ = {isa = PBXFileReference; fileEncoding = 4; lastKnownFileType = text.plist.xml; path = ExploreData.plist; sourceTree = "<group>"; };
		7C171F75285AF4BE007CD969 /* ExploreItem.swift */ = {isa = PBXFileReference; lastKnownFileType = sourcecode.swift; path = ExploreItem.swift; sourceTree = "<group>"; };
		7C171F77285B05F3007CD969 /* ExploreDataManager.swift */ = {isa = PBXFileReference; lastKnownFileType = sourcecode.swift; path = ExploreDataManager.swift; sourceTree = "<group>"; };
		7C171F7A285B2299007CD969 /* ExploreCell.swift */ = {isa = PBXFileReference; lastKnownFileType = sourcecode.swift; path = ExploreCell.swift; sourceTree = "<group>"; };
		7C17ADA32861E24F004D9315 /* LocationViewController.swift */ = {isa = PBXFileReference; lastKnownFileType = sourcecode.swift; path = LocationViewController.swift; sourceTree = "<group>"; };
		7C17ADA72861F7C8004D9315 /* LocationDataManager.swift */ = {isa = PBXFileReference; lastKnownFileType = sourcecode.swift; path = LocationDataManager.swift; sourceTree = "<group>"; };
		7C41701E286206F200640D72 /* Locations.plist */ = {isa = PBXFileReference; fileEncoding = 4; lastKnownFileType = text.plist.xml; path = Locations.plist; sourceTree = "<group>"; };
		7C6FF6BF28434671002ED2E5 /* RestaurantListViewController.swift */ = {isa = PBXFileReference; lastKnownFileType = sourcecode.swift; path = RestaurantListViewController.swift; sourceTree = "<group>"; };
		7CBE82172841250200FBE06C /* ExploreViewController.swift */ = {isa = PBXFileReference; lastKnownFileType = sourcecode.swift; path = ExploreViewController.swift; sourceTree = "<group>"; };
		7CCD4D012840DDAB00019AFD /* LetsEat.app */ = {isa = PBXFileReference; explicitFileType = wrapper.application; includeInIndex = 0; path = LetsEat.app; sourceTree = BUILT_PRODUCTS_DIR; };
		7CCD4D042840DDAB00019AFD /* AppDelegate.swift */ = {isa = PBXFileReference; lastKnownFileType = sourcecode.swift; path = AppDelegate.swift; sourceTree = "<group>"; };
		7CCD4D062840DDAB00019AFD /* SceneDelegate.swift */ = {isa = PBXFileReference; lastKnownFileType = sourcecode.swift; path = SceneDelegate.swift; sourceTree = "<group>"; };
		7CCD4D082840DDAB00019AFD /* ViewController.swift */ = {isa = PBXFileReference; lastKnownFileType = sourcecode.swift; path = ViewController.swift; sourceTree = "<group>"; };
		7CCD4D0B2840DDAB00019AFD /* Base */ = {isa = PBXFileReference; lastKnownFileType = file.storyboard; name = Base; path = Base.lproj/Main.storyboard; sourceTree = "<group>"; };
		7CCD4D102840DDAD00019AFD /* Base */ = {isa = PBXFileReference; lastKnownFileType = file.storyboard; name = Base; path = Base.lproj/LaunchScreen.storyboard; sourceTree = "<group>"; };
		7CCD4D122840DDAD00019AFD /* Info.plist */ = {isa = PBXFileReference; lastKnownFileType = text.plist.xml; path = Info.plist; sourceTree = "<group>"; };
		7CCD4D182840E2FD00019AFD /* Assets.xcassets */ = {isa = PBXFileReference; lastKnownFileType = folder.assetcatalog; path = Assets.xcassets; sourceTree = "<group>"; };
/* End PBXFileReference section */

/* Begin PBXFrameworksBuildPhase section */
		7CCD4CFE2840DDAB00019AFD /* Frameworks */ = {
			isa = PBXFrameworksBuildPhase;
			buildActionMask = 2147483647;
			files = (
			);
			runOnlyForDeploymentPostprocessing = 0;
		};
/* End PBXFrameworksBuildPhase section */

/* Begin PBXGroup section */
		7C171F72285AE6B6007CD969 /* Model */ = {
			isa = PBXGroup;
			children = (
				7C171F73285AE774007CD969 /* ExploreData.plist */,
				7C171F75285AF4BE007CD969 /* ExploreItem.swift */,
				7C171F77285B05F3007CD969 /* ExploreDataManager.swift */,
			);
			path = Model;
			sourceTree = "<group>";
		};
		7C171F79285B225D007CD969 /* View */ = {
			isa = PBXGroup;
			children = (
				7C171F7A285B2299007CD969 /* ExploreCell.swift */,
			);
			path = View;
			sourceTree = "<group>";
		};
		7C17AD9F2861E1BE004D9315 /* Location */ = {
			isa = PBXGroup;
			children = (
				7C17ADA32861E24F004D9315 /* LocationViewController.swift */,
				7C17ADA22861E227004D9315 /* View */,
				7C17ADA12861E1DC004D9315 /* Model */,
			);
			path = Location;
			sourceTree = "<group>";
		};
		7C17ADA12861E1DC004D9315 /* Model */ = {
			isa = PBXGroup;
			children = (
				7C41701E286206F200640D72 /* Locations.plist */,
				7C17ADA72861F7C8004D9315 /* LocationDataManager.swift */,
			);
			path = Model;
			sourceTree = "<group>";
		};
		7C17ADA22861E227004D9315 /* View */ = {
			isa = PBXGroup;
			children = (
			);
			path = View;
			sourceTree = "<group>";
		};
		7C6FF6BE28434636002ED2E5 /* Restaurants */ = {
			isa = PBXGroup;
			children = (
				7C6FF6BF28434671002ED2E5 /* RestaurantListViewController.swift */,
			);
			path = Restaurants;
			sourceTree = "<group>";
		};
		7CBE8216284124DD00FBE06C /* Explore */ = {
			isa = PBXGroup;
			children = (
				7C171F72285AE6B6007CD969 /* Model */,
				7C171F79285B225D007CD969 /* View */,
				7CBE82172841250200FBE06C /* ExploreViewController.swift */,
			);
			path = Explore;
			sourceTree = "<group>";
		};
		7CCD4CF82840DDAB00019AFD = {
			isa = PBXGroup;
			children = (
				7CCD4D032840DDAB00019AFD /* LetsEat */,
				7CCD4D022840DDAB00019AFD /* Products */,
			);
			sourceTree = "<group>";
		};
		7CCD4D022840DDAB00019AFD /* Products */ = {
			isa = PBXGroup;
			children = (
				7CCD4D012840DDAB00019AFD /* LetsEat.app */,
			);
			name = Products;
			sourceTree = "<group>";
		};
		7CCD4D032840DDAB00019AFD /* LetsEat */ = {
			isa = PBXGroup;
			children = (
				7C17AD9F2861E1BE004D9315 /* Location */,
				7C6FF6BE28434636002ED2E5 /* Restaurants */,
				7CBE8216284124DD00FBE06C /* Explore */,
				7CCD4D042840DDAB00019AFD /* AppDelegate.swift */,
				7CCD4D062840DDAB00019AFD /* SceneDelegate.swift */,
				7CCD4D082840DDAB00019AFD /* ViewController.swift */,
				7CCD4D0A2840DDAB00019AFD /* Main.storyboard */,
				7CCD4D0F2840DDAD00019AFD /* LaunchScreen.storyboard */,
				7CCD4D122840DDAD00019AFD /* Info.plist */,
				7CCD4D182840E2FD00019AFD /* Assets.xcassets */,
			);
			path = LetsEat;
			sourceTree = "<group>";
		};
/* End PBXGroup section */

/* Begin PBXNativeTarget section */
		7CCD4D002840DDAB00019AFD /* LetsEat */ = {
			isa = PBXNativeTarget;
			buildConfigurationList = 7CCD4D152840DDAD00019AFD /* Build configuration list for PBXNativeTarget "LetsEat" */;
			buildPhases = (
				7CBE82192841256E00FBE06C /* SwiftLint */,
				7CCD4CFD2840DDAB00019AFD /* Sources */,
				7CCD4CFE2840DDAB00019AFD /* Frameworks */,
				7CCD4CFF2840DDAB00019AFD /* Resources */,
			);
			buildRules = (
			);
			dependencies = (
			);
			name = LetsEat;
			productName = LetsEat;
			productReference = 7CCD4D012840DDAB00019AFD /* LetsEat.app */;
			productType = "com.apple.product-type.application";
		};
/* End PBXNativeTarget section */

/* Begin PBXProject section */
		7CCD4CF92840DDAB00019AFD /* Project object */ = {
			isa = PBXProject;
			attributes = {
				BuildIndependentTargetsInParallel = 1;
				LastSwiftUpdateCheck = 1340;
				LastUpgradeCheck = 1340;
				TargetAttributes = {
					7CCD4D002840DDAB00019AFD = {
						CreatedOnToolsVersion = 13.4;
					};
				};
			};
			buildConfigurationList = 7CCD4CFC2840DDAB00019AFD /* Build configuration list for PBXProject "LetsEat" */;
			compatibilityVersion = "Xcode 13.0";
			developmentRegion = en;
			hasScannedForEncodings = 0;
			knownRegions = (
				en,
				Base,
			);
			mainGroup = 7CCD4CF82840DDAB00019AFD;
			productRefGroup = 7CCD4D022840DDAB00019AFD /* Products */;
			projectDirPath = "";
			projectRoot = "";
			targets = (
				7CCD4D002840DDAB00019AFD /* LetsEat */,
			);
		};
/* End PBXProject section */

/* Begin PBXResourcesBuildPhase section */
		7CCD4CFF2840DDAB00019AFD /* Resources */ = {
			isa = PBXResourcesBuildPhase;
			buildActionMask = 2147483647;
			files = (
				7C171F74285AE774007CD969 /* ExploreData.plist in Resources */,
				7CCD4D112840DDAD00019AFD /* LaunchScreen.storyboard in Resources */,
				7CCD4D192840E2FD00019AFD /* Assets.xcassets in Resources */,
				7C41701F286206F200640D72 /* Locations.plist in Resources */,
				7CCD4D0C2840DDAB00019AFD /* Main.storyboard in Resources */,
			);
			runOnlyForDeploymentPostprocessing = 0;
		};
/* End PBXResourcesBuildPhase section */

/* Begin PBXShellScriptBuildPhase section */
		7CBE82192841256E00FBE06C /* SwiftLint */ = {
			isa = PBXShellScriptBuildPhase;
			buildActionMask = 2147483647;
			files = (
			);
			inputFileListPaths = (
			);
			inputPaths = (
			);
			name = SwiftLint;
			outputFileListPaths = (
			);
			outputPaths = (
			);
			runOnlyForDeploymentPostprocessing = 0;
			shellPath = /bin/sh;
			shellScript = "if which swiftlint >/dev/null; then\nswiftlint\nelse\necho \"warning: SwiftLint not installed, download from https://github.com/realm/SwiftLint\"\nfi\n";
		};
/* End PBXShellScriptBuildPhase section */

/* Begin PBXSourcesBuildPhase section */
		7CCD4CFD2840DDAB00019AFD /* Sources */ = {
			isa = PBXSourcesBuildPhase;
			buildActionMask = 2147483647;
			files = (
				7CBE82182841250200FBE06C /* ExploreViewController.swift in Sources */,
				7CCD4D092840DDAB00019AFD /* ViewController.swift in Sources */,
				7C171F76285AF4BE007CD969 /* ExploreItem.swift in Sources */,
				7C171F7B285B2299007CD969 /* ExploreCell.swift in Sources */,
				7C17ADA82861F7C8004D9315 /* LocationDataManager.swift in Sources */,
				7C6FF6C028434671002ED2E5 /* RestaurantListViewController.swift in Sources */,
				7C171F78285B05F3007CD969 /* ExploreDataManager.swift in Sources */,
				7C17ADA42861E24F004D9315 /* LocationViewController.swift in Sources */,
				7CCD4D052840DDAB00019AFD /* AppDelegate.swift in Sources */,
				7CCD4D072840DDAB00019AFD /* SceneDelegate.swift in Sources */,
			);
			runOnlyForDeploymentPostprocessing = 0;
		};
/* End PBXSourcesBuildPhase section */

/* Begin PBXVariantGroup section */
		7CCD4D0A2840DDAB00019AFD /* Main.storyboard */ = {
			isa = PBXVariantGroup;
			children = (
				7CCD4D0B2840DDAB00019AFD /* Base */,
			);
			name = Main.storyboard;
			sourceTree = "<group>";
		};
		7CCD4D0F2840DDAD00019AFD /* LaunchScreen.storyboard */ = {
			isa = PBXVariantGroup;
			children = (
				7CCD4D102840DDAD00019AFD /* Base */,
			);
			name = LaunchScreen.storyboard;
			sourceTree = "<group>";
		};
/* End PBXVariantGroup section */

/* Begin XCBuildConfiguration section */
		7CCD4D132840DDAD00019AFD /* Debug */ = {
			isa = XCBuildConfiguration;
			buildSettings = {
				ALWAYS_SEARCH_USER_PATHS = NO;
				CLANG_ANALYZER_NONNULL = YES;
				CLANG_ANALYZER_NUMBER_OBJECT_CONVERSION = YES_AGGRESSIVE;
				CLANG_CXX_LANGUAGE_STANDARD = "gnu++17";
				CLANG_ENABLE_MODULES = YES;
				CLANG_ENABLE_OBJC_ARC = YES;
				CLANG_ENABLE_OBJC_WEAK = YES;
				CLANG_WARN_BLOCK_CAPTURE_AUTORELEASING = YES;
				CLANG_WARN_BOOL_CONVERSION = YES;
				CLANG_WARN_COMMA = YES;
				CLANG_WARN_CONSTANT_CONVERSION = YES;
				CLANG_WARN_DEPRECATED_OBJC_IMPLEMENTATIONS = YES;
				CLANG_WARN_DIRECT_OBJC_ISA_USAGE = YES_ERROR;
				CLANG_WARN_DOCUMENTATION_COMMENTS = YES;
				CLANG_WARN_EMPTY_BODY = YES;
				CLANG_WARN_ENUM_CONVERSION = YES;
				CLANG_WARN_INFINITE_RECURSION = YES;
				CLANG_WARN_INT_CONVERSION = YES;
				CLANG_WARN_NON_LITERAL_NULL_CONVERSION = YES;
				CLANG_WARN_OBJC_IMPLICIT_RETAIN_SELF = YES;
				CLANG_WARN_OBJC_LITERAL_CONVERSION = YES;
				CLANG_WARN_OBJC_ROOT_CLASS = YES_ERROR;
				CLANG_WARN_QUOTED_INCLUDE_IN_FRAMEWORK_HEADER = YES;
				CLANG_WARN_RANGE_LOOP_ANALYSIS = YES;
				CLANG_WARN_STRICT_PROTOTYPES = YES;
				CLANG_WARN_SUSPICIOUS_MOVE = YES;
				CLANG_WARN_UNGUARDED_AVAILABILITY = YES_AGGRESSIVE;
				CLANG_WARN_UNREACHABLE_CODE = YES;
				CLANG_WARN__DUPLICATE_METHOD_MATCH = YES;
				COPY_PHASE_STRIP = NO;
				DEBUG_INFORMATION_FORMAT = dwarf;
				ENABLE_STRICT_OBJC_MSGSEND = YES;
				ENABLE_TESTABILITY = YES;
				GCC_C_LANGUAGE_STANDARD = gnu11;
				GCC_DYNAMIC_NO_PIC = NO;
				GCC_NO_COMMON_BLOCKS = YES;
				GCC_OPTIMIZATION_LEVEL = 0;
				GCC_PREPROCESSOR_DEFINITIONS = (
					"DEBUG=1",
					"$(inherited)",
				);
				GCC_WARN_64_TO_32_BIT_CONVERSION = YES;
				GCC_WARN_ABOUT_RETURN_TYPE = YES_ERROR;
				GCC_WARN_UNDECLARED_SELECTOR = YES;
				GCC_WARN_UNINITIALIZED_AUTOS = YES_AGGRESSIVE;
				GCC_WARN_UNUSED_FUNCTION = YES;
				GCC_WARN_UNUSED_VARIABLE = YES;
				IPHONEOS_DEPLOYMENT_TARGET = 15.5;
				MTL_ENABLE_DEBUG_INFO = INCLUDE_SOURCE;
				MTL_FAST_MATH = YES;
				ONLY_ACTIVE_ARCH = YES;
				SDKROOT = iphoneos;
				SWIFT_ACTIVE_COMPILATION_CONDITIONS = DEBUG;
				SWIFT_OPTIMIZATION_LEVEL = "-Onone";
			};
			name = Debug;
		};
		7CCD4D142840DDAD00019AFD /* Release */ = {
			isa = XCBuildConfiguration;
			buildSettings = {
				ALWAYS_SEARCH_USER_PATHS = NO;
				CLANG_ANALYZER_NONNULL = YES;
				CLANG_ANALYZER_NUMBER_OBJECT_CONVERSION = YES_AGGRESSIVE;
				CLANG_CXX_LANGUAGE_STANDARD = "gnu++17";
				CLANG_ENABLE_MODULES = YES;
				CLANG_ENABLE_OBJC_ARC = YES;
				CLANG_ENABLE_OBJC_WEAK = YES;
				CLANG_WARN_BLOCK_CAPTURE_AUTORELEASING = YES;
				CLANG_WARN_BOOL_CONVERSION = YES;
				CLANG_WARN_COMMA = YES;
				CLANG_WARN_CONSTANT_CONVERSION = YES;
				CLANG_WARN_DEPRECATED_OBJC_IMPLEMENTATIONS = YES;
				CLANG_WARN_DIRECT_OBJC_ISA_USAGE = YES_ERROR;
				CLANG_WARN_DOCUMENTATION_COMMENTS = YES;
				CLANG_WARN_EMPTY_BODY = YES;
				CLANG_WARN_ENUM_CONVERSION = YES;
				CLANG_WARN_INFINITE_RECURSION = YES;
				CLANG_WARN_INT_CONVERSION = YES;
				CLANG_WARN_NON_LITERAL_NULL_CONVERSION = YES;
				CLANG_WARN_OBJC_IMPLICIT_RETAIN_SELF = YES;
				CLANG_WARN_OBJC_LITERAL_CONVERSION = YES;
				CLANG_WARN_OBJC_ROOT_CLASS = YES_ERROR;
				CLANG_WARN_QUOTED_INCLUDE_IN_FRAMEWORK_HEADER = YES;
				CLANG_WARN_RANGE_LOOP_ANALYSIS = YES;
				CLANG_WARN_STRICT_PROTOTYPES = YES;
				CLANG_WARN_SUSPICIOUS_MOVE = YES;
				CLANG_WARN_UNGUARDED_AVAILABILITY = YES_AGGRESSIVE;
				CLANG_WARN_UNREACHABLE_CODE = YES;
				CLANG_WARN__DUPLICATE_METHOD_MATCH = YES;
				COPY_PHASE_STRIP = NO;
				DEBUG_INFORMATION_FORMAT = "dwarf-with-dsym";
				ENABLE_NS_ASSERTIONS = NO;
				ENABLE_STRICT_OBJC_MSGSEND = YES;
				GCC_C_LANGUAGE_STANDARD = gnu11;
				GCC_NO_COMMON_BLOCKS = YES;
				GCC_WARN_64_TO_32_BIT_CONVERSION = YES;
				GCC_WARN_ABOUT_RETURN_TYPE = YES_ERROR;
				GCC_WARN_UNDECLARED_SELECTOR = YES;
				GCC_WARN_UNINITIALIZED_AUTOS = YES_AGGRESSIVE;
				GCC_WARN_UNUSED_FUNCTION = YES;
				GCC_WARN_UNUSED_VARIABLE = YES;
				IPHONEOS_DEPLOYMENT_TARGET = 15.5;
				MTL_ENABLE_DEBUG_INFO = NO;
				MTL_FAST_MATH = YES;
				SDKROOT = iphoneos;
				SWIFT_COMPILATION_MODE = wholemodule;
				SWIFT_OPTIMIZATION_LEVEL = "-O";
				VALIDATE_PRODUCT = YES;
			};
			name = Release;
		};
		7CCD4D162840DDAD00019AFD /* Debug */ = {
			isa = XCBuildConfiguration;
			buildSettings = {
				ASSETCATALOG_COMPILER_APPICON_NAME = AppIcon;
				ASSETCATALOG_COMPILER_GLOBAL_ACCENT_COLOR_NAME = AccentColor;
				CODE_SIGN_STYLE = Automatic;
				CURRENT_PROJECT_VERSION = 1;
				DEVELOPMENT_TEAM = 7R2DDAH64G;
				GENERATE_INFOPLIST_FILE = YES;
				INFOPLIST_FILE = LetsEat/Info.plist;
				INFOPLIST_KEY_CFBundleDisplayName = GoEat;
				INFOPLIST_KEY_UIApplicationSupportsIndirectInputEvents = YES;
				INFOPLIST_KEY_UILaunchStoryboardName = LaunchScreen;
				INFOPLIST_KEY_UIMainStoryboardFile = Main;
				INFOPLIST_KEY_UISupportedInterfaceOrientations_iPad = "UIInterfaceOrientationPortrait UIInterfaceOrientationPortraitUpsideDown UIInterfaceOrientationLandscapeLeft UIInterfaceOrientationLandscapeRight";
				INFOPLIST_KEY_UISupportedInterfaceOrientations_iPhone = "UIInterfaceOrientationPortrait UIInterfaceOrientationLandscapeLeft UIInterfaceOrientationLandscapeRight";
				LD_RUNPATH_SEARCH_PATHS = (
					"$(inherited)",
					"@executable_path/Frameworks",
				);
				MARKETING_VERSION = 1.0;
				PRODUCT_BUNDLE_IDENTIFIER = alfinindrawan.GoEat;
				PRODUCT_NAME = "$(TARGET_NAME)";
				SWIFT_EMIT_LOC_STRINGS = YES;
				SWIFT_VERSION = 5.0;
				TARGETED_DEVICE_FAMILY = "1,2";
			};
			name = Debug;
		};
		7CCD4D172840DDAD00019AFD /* Release */ = {
			isa = XCBuildConfiguration;
			buildSettings = {
				ASSETCATALOG_COMPILER_APPICON_NAME = AppIcon;
				ASSETCATALOG_COMPILER_GLOBAL_ACCENT_COLOR_NAME = AccentColor;
				CODE_SIGN_STYLE = Automatic;
				CURRENT_PROJECT_VERSION = 1;
				DEVELOPMENT_TEAM = 7R2DDAH64G;
				GENERATE_INFOPLIST_FILE = YES;
				INFOPLIST_FILE = LetsEat/Info.plist;
				INFOPLIST_KEY_CFBundleDisplayName = GoEat;
				INFOPLIST_KEY_UIApplicationSupportsIndirectInputEvents = YES;
				INFOPLIST_KEY_UILaunchStoryboardName = LaunchScreen;
				INFOPLIST_KEY_UIMainStoryboardFile = Main;
				INFOPLIST_KEY_UISupportedInterfaceOrientations_iPad = "UIInterfaceOrientationPortrait UIInterfaceOrientationPortraitUpsideDown UIInterfaceOrientationLandscapeLeft UIInterfaceOrientationLandscapeRight";
				INFOPLIST_KEY_UISupportedInterfaceOrientations_iPhone = "UIInterfaceOrientationPortrait UIInterfaceOrientationLandscapeLeft UIInterfaceOrientationLandscapeRight";
				LD_RUNPATH_SEARCH_PATHS = (
					"$(inherited)",
					"@executable_path/Frameworks",
				);
				MARKETING_VERSION = 1.0;
				PRODUCT_BUNDLE_IDENTIFIER = alfinindrawan.GoEat;
				PRODUCT_NAME = "$(TARGET_NAME)";
				SWIFT_EMIT_LOC_STRINGS = YES;
				SWIFT_VERSION = 5.0;
				TARGETED_DEVICE_FAMILY = "1,2";
			};
			name = Release;
		};
/* End XCBuildConfiguration section */

/* Begin XCConfigurationList section */
		7CCD4CFC2840DDAB00019AFD /* Build configuration list for PBXProject "LetsEat" */ = {
			isa = XCConfigurationList;
			buildConfigurations = (
				7CCD4D132840DDAD00019AFD /* Debug */,
				7CCD4D142840DDAD00019AFD /* Release */,
			);
			defaultConfigurationIsVisible = 0;
			defaultConfigurationName = Release;
		};
		7CCD4D152840DDAD00019AFD /* Build configuration list for PBXNativeTarget "LetsEat" */ = {
			isa = XCConfigurationList;
			buildConfigurations = (
				7CCD4D162840DDAD00019AFD /* Debug */,
				7CCD4D172840DDAD00019AFD /* Release */,
			);
			defaultConfigurationIsVisible = 0;
			defaultConfigurationName = Release;
		};
/* End XCConfigurationList section */
	};
	rootObject = 7CCD4CF92840DDAB00019AFD /* Project object */;
}
